
Microsoft Visual Studio Solution File, Format Version 12.00
# Visual Studio Version 17
VisualStudioVersion = 17.3.32922.545
MinimumVisualStudioVersion = 10.0.40219.1
Project("{FAE04EC0-301F-11D3-BF4B-00C04F79EFBC}") = "MethodesKeyEventsSwitch", "MethodesKeyEventsSwitch\MethodesKeyEventsSwitch.csproj", "{FA3BD608-3777-4195-9661-0995D74D66A1}"
EndProject
Project("{FAE04EC0-301F-11D3-BF4B-00C04F79EFBC}") = "KeyEvents", "KeyEvents\KeyEvents.csproj", "{1BF632B4-E5ED-4801-9F7C-9C461784F1FA}"
EndProject
Project("{FAE04EC0-301F-11D3-BF4B-00C04F79EFBC}") = "Switch", "Switch\Switch.csproj", "{9B4F0614-D27B-45F3-8CD7-AB7CEE6B06C5}"
EndProject
Project("{FAE04EC0-301F-11D3-BF4B-00C04F79EFBC}") = "Methodes", "Methodes\Methodes.csproj", "{ECE35643-73A4-4D0D-9F77-CBF9D211E434}"
EndProject
Global
	GlobalSection(SolutionConfigurationPlatforms) = preSolution
		Debug|Any CPU = Debug|Any CPU
		Release|Any CPU = Release|Any CPU
	EndGlobalSection
	GlobalSection(ProjectConfigurationPlatforms) = postSolution
		{FA3BD608-3777-4195-9661-0995D74D66A1}.Debug|Any CPU.ActiveCfg = Debug|Any CPU
		{FA3BD608-3777-4195-9661-0995D74D66A1}.Debug|Any CPU.Build.0 = Debug|Any CPU
		{FA3BD608-3777-4195-9661-0995D74D66A1}.Release|Any CPU.ActiveCfg = Release|Any CPU
		{FA3BD608-3777-4195-9661-0995D74D66A1}.Release|Any CPU.Build.0 = Release|Any CPU
		{1BF632B4-E5ED-4801-9F7C-9C461784F1FA}.Debug|Any CPU.ActiveCfg = Debug|Any CPU
		{1BF632B4-E5ED-4801-9F7C-9C461784F1FA}.Debug|Any CPU.Build.0 = Debug|Any CPU
		{1BF632B4-E5ED-4801-9F7C-9C461784F1FA}.Release|Any CPU.ActiveCfg = Release|Any CPU
		{1BF632B4-E5ED-4801-9F7C-9C461784F1FA}.Release|Any CPU.Build.0 = Release|Any CPU
		{9B4F0614-D27B-45F3-8CD7-AB7CEE6B06C5}.Debug|Any CPU.ActiveCfg = Debug|Any CPU
		{9B4F0614-D27B-45F3-8CD7-AB7CEE6B06C5}.Debug|Any CPU.Build.0 = Debug|Any CPU
		{9B4F0614-D27B-45F3-8CD7-AB7CEE6B06C5}.Release|Any CPU.ActiveCfg = Release|Any CPU
		{9B4F0614-D27B-45F3-8CD7-AB7CEE6B06C5}.Release|Any CPU.Build.0 = Release|Any CPU
		{ECE35643-73A4-4D0D-9F77-CBF9D211E434}.Debug|Any CPU.ActiveCfg = Debug|Any CPU
		{ECE35643-73A4-4D0D-9F77-CBF9D211E434}.Debug|Any CPU.Build.0 = Debug|Any CPU
		{ECE35643-73A4-4D0D-9F77-CBF9D211E434}.Release|Any CPU.ActiveCfg = Release|Any CPU
		{ECE35643-73A4-4D0D-9F77-CBF9D211E434}.Release|Any CPU.Build.0 = Release|Any CPU
	EndGlobalSection
	GlobalSection(SolutionProperties) = preSolution
		HideSolutionNode = FALSE
	EndGlobalSection
	GlobalSection(ExtensibilityGlobals) = postSolution
		SolutionGuid = {DBD9B835-F3B0-4A1E-A666-3FD7A57A4575}
	EndGlobalSection
EndGlobal
